
Microsoft Visual Studio Solution File, Format Version 12.00
# Visual Studio Version 16
VisualStudioVersion = 16.0.28922.388
MinimumVisualStudioVersion = 10.0.40219.1
Project("{FAE04EC0-301F-11D3-BF4B-00C04F79EFBC}") = "ArbitrageNacional", "ArbitrageNacional.csproj", "{F842D4A8-AB94-4CF2-A79B-F732882C762D}"
EndProject
Global
	GlobalSection(SolutionConfigurationPlatforms) = preSolution
		Debug|Any CPU = Debug|Any CPU
		Release|Any CPU = Release|Any CPU
	EndGlobalSection
	GlobalSection(ProjectConfigurationPlatforms) = postSolution
		{F842D4A8-AB94-4CF2-A79B-F732882C762D}.Debug|Any CPU.ActiveCfg = Debug|Any CPU
		{F842D4A8-AB94-4CF2-A79B-F732882C762D}.Debug|Any CPU.Build.0 = Debug|Any CPU
		{F842D4A8-AB94-4CF2-A79B-F732882C762D}.Release|Any CPU.ActiveCfg = Release|Any CPU
		{F842D4A8-AB94-4CF2-A79B-F732882C762D}.Release|Any CPU.Build.0 = Release|Any CPU
	EndGlobalSection
	GlobalSection(SolutionProperties) = preSolution
		HideSolutionNode = FALSE
	EndGlobalSection
	GlobalSection(ExtensibilityGlobals) = postSolution
		SolutionGuid = {4692525F-4218-4962-AAA5-0A445F5248CC}
	EndGlobalSection
EndGlobal
